{
  "originHash" : "3ec95e72411f5170fd6c7283487ae2ca21b81c01c2983ab6e86024e610e0a14d",
  "pins" : [
    {
      "identity" : "kingfisher",
      "kind" : "remoteSourceControl",
      "location" : "https://github.com/onevcat/kingfisher",
      "state" : {
        "revision" : "410984bf301f4fa224fe56277b3f8672cc465c79",
        "version" : "8.11.0"
      }
    },
    {
      "identity" : "progresshud",
      "kind" : "remoteSourceControl",
      "location" : "https://github.com/relatedcode/ProgressHUD",
      "state" : {
        "revision" : "4aa638a88450d6d48a6620070722e875e7a179ef",
        "version" : "14.1.4"
      }
    },
    {
      "identity" : "swiftkeychainwrapper",
      "kind" : "remoteSourceControl",
      "location" : "https://github.com/jrendel/SwiftKeychainWrapper",
      "state" : {
        "revision" : "185a3165346a03767101c4f62e9a545a0fe0530f",
        "version" : "4.0.1"
      }
    }
  ],
  "version" : 3
}
